
Microsoft Visual Studio Solution File, Format Version 12.00
Project("{FAE04EC0-301F-11D3-BF4B-00C04F79EFBC}") = "DocumentIngest", "DocumentIngest\DocumentIngest.csproj", "{ABC92E4B-9CBD-4E9B-9531-1AEDCF81D9CA}"
EndProject
Global
	GlobalSection(SolutionConfigurationPlatforms) = preSolution
		Debug|Any CPU = Debug|Any CPU
		Release|Any CPU = Release|Any CPU
	EndGlobalSection
	GlobalSection(ProjectConfigurationPlatforms) = postSolution
		{ABC92E4B-9CBD-4E9B-9531-1AEDCF81D9CA}.Debug|Any CPU.ActiveCfg = Debug|Any CPU
		{ABC92E4B-9CBD-4E9B-9531-1AEDCF81D9CA}.Debug|Any CPU.Build.0 = Debug|Any CPU
		{ABC92E4B-9CBD-4E9B-9531-1AEDCF81D9CA}.Release|Any CPU.ActiveCfg = Release|Any CPU
		{ABC92E4B-9CBD-4E9B-9531-1AEDCF81D9CA}.Release|Any CPU.Build.0 = Release|Any CPU
	EndGlobalSection
EndGlobal
